
Microsoft Visual Studio Solution File, Format Version 12.00
# Visual Studio Version 16
VisualStudioVersion = 16.0.30907.101
MinimumVisualStudioVersion = 10.0.40219.1
Project("{FAE04EC0-301F-11D3-BF4B-00C04F79EFBC}") = "Lotte_OpdrachtDeel2", "Lotte_OpdrachtDeel2\Lotte_OpdrachtDeel2.csproj", "{5089FB05-712B-4C09-AFE5-D5467AE27F5A}"
EndProject
Global
	GlobalSection(SolutionConfigurationPlatforms) = preSolution
		Debug|Any CPU = Debug|Any CPU
		Release|Any CPU = Release|Any CPU
	EndGlobalSection
	GlobalSection(ProjectConfigurationPlatforms) = postSolution
		{5089FB05-712B-4C09-AFE5-D5467AE27F5A}.Debug|Any CPU.ActiveCfg = Debug|Any CPU
		{5089FB05-712B-4C09-AFE5-D5467AE27F5A}.Debug|Any CPU.Build.0 = Debug|Any CPU
		{5089FB05-712B-4C09-AFE5-D5467AE27F5A}.Release|Any CPU.ActiveCfg = Release|Any CPU
		{5089FB05-712B-4C09-AFE5-D5467AE27F5A}.Release|Any CPU.Build.0 = Release|Any CPU
	EndGlobalSection
	GlobalSection(SolutionProperties) = preSolution
		HideSolutionNode = FALSE
	EndGlobalSection
	GlobalSection(ExtensibilityGlobals) = postSolution
		SolutionGuid = {EDF80219-A9B1-4AEE-9ABD-BFDC71A7D33E}
	EndGlobalSection
EndGlobal
